
Microsoft Visual Studio Solution File, Format Version 12.00
# Visual Studio Version 17
VisualStudioVersion = 17.5.002.0
MinimumVisualStudioVersion = 10.0.40219.1
Project("{9A19103F-16F7-4668-BE54-9A1E7A4F7556}") = "Inmobiliaria", "Inmobiliaria\Inmobiliaria.csproj", "{91EA67C1-2C0B-4CD1-B6B1-C07B08C825AC}"
EndProject
Project("{9A19103F-16F7-4668-BE54-9A1E7A4F7556}") = "PropertyManager", "PropertyManager\PropertyManager.csproj", "{9DC6B968-F75B-45AF-81E3-2A8B4C7EF9CC}"
EndProject
Global
	GlobalSection(SolutionConfigurationPlatforms) = preSolution
		Debug|Any CPU = Debug|Any CPU
		Release|Any CPU = Release|Any CPU
	EndGlobalSection
	GlobalSection(ProjectConfigurationPlatforms) = postSolution
		{91EA67C1-2C0B-4CD1-B6B1-C07B08C825AC}.Debug|Any CPU.ActiveCfg = Debug|Any CPU
		{91EA67C1-2C0B-4CD1-B6B1-C07B08C825AC}.Debug|Any CPU.Build.0 = Debug|Any CPU
		{91EA67C1-2C0B-4CD1-B6B1-C07B08C825AC}.Release|Any CPU.ActiveCfg = Release|Any CPU
		{91EA67C1-2C0B-4CD1-B6B1-C07B08C825AC}.Release|Any CPU.Build.0 = Release|Any CPU
		{9DC6B968-F75B-45AF-81E3-2A8B4C7EF9CC}.Debug|Any CPU.ActiveCfg = Debug|Any CPU
		{9DC6B968-F75B-45AF-81E3-2A8B4C7EF9CC}.Debug|Any CPU.Build.0 = Debug|Any CPU
		{9DC6B968-F75B-45AF-81E3-2A8B4C7EF9CC}.Release|Any CPU.ActiveCfg = Release|Any CPU
		{9DC6B968-F75B-45AF-81E3-2A8B4C7EF9CC}.Release|Any CPU.Build.0 = Release|Any CPU
	EndGlobalSection
	GlobalSection(SolutionProperties) = preSolution
		HideSolutionNode = FALSE
	EndGlobalSection
	GlobalSection(ExtensibilityGlobals) = postSolution
		SolutionGuid = {C1AB2F17-C7A5-476F-84AB-D63906303DC0}
	EndGlobalSection
EndGlobal
